
Microsoft Visual Studio Solution File, Format Version 12.00
# Visual Studio 2013
VisualStudioVersion = 12.0.30723.0
MinimumVisualStudioVersion = 10.0.40219.1
Project("{FAE04EC0-301F-11D3-BF4B-00C04F79EFBC}") = "WpfWebApiExperiment", "WpfWebApiExperiment\WpfWebApiExperiment.csproj", "{F21CDC74-B968-430B-981E-C7E0DB803A89}"
EndProject
Project("{2150E333-8FDC-42A3-9474-1A3956D46DE8}") = ".nuget", ".nuget", "{390BBDA2-1C49-4B27-AE74-1FB901E4FFCD}"
	ProjectSection(SolutionItems) = preProject
		.nuget\NuGet.Config = .nuget\NuGet.Config
		.nuget\NuGet.exe = .nuget\NuGet.exe
		.nuget\NuGet.targets = .nuget\NuGet.targets
	EndProjectSection
EndProject
Project("{FAE04EC0-301F-11D3-BF4B-00C04F79EFBC}") = "WpfWebApiExperimentTests", "WpfWebApiExperimentTests\WpfWebApiExperimentTests.csproj", "{4564B45F-216D-477C-B29E-001A3B9D33FA}"
EndProject
Global
	GlobalSection(SolutionConfigurationPlatforms) = preSolution
		Debug|Any CPU = Debug|Any CPU
		Release|Any CPU = Release|Any CPU
	EndGlobalSection
	GlobalSection(ProjectConfigurationPlatforms) = postSolution
		{F21CDC74-B968-430B-981E-C7E0DB803A89}.Debug|Any CPU.ActiveCfg = Debug|Any CPU
		{F21CDC74-B968-430B-981E-C7E0DB803A89}.Debug|Any CPU.Build.0 = Debug|Any CPU
		{F21CDC74-B968-430B-981E-C7E0DB803A89}.Release|Any CPU.ActiveCfg = Release|Any CPU
		{F21CDC74-B968-430B-981E-C7E0DB803A89}.Release|Any CPU.Build.0 = Release|Any CPU
		{4564B45F-216D-477C-B29E-001A3B9D33FA}.Debug|Any CPU.ActiveCfg = Debug|Any CPU
		{4564B45F-216D-477C-B29E-001A3B9D33FA}.Debug|Any CPU.Build.0 = Debug|Any CPU
		{4564B45F-216D-477C-B29E-001A3B9D33FA}.Release|Any CPU.ActiveCfg = Release|Any CPU
		{4564B45F-216D-477C-B29E-001A3B9D33FA}.Release|Any CPU.Build.0 = Release|Any CPU
	EndGlobalSection
	GlobalSection(SolutionProperties) = preSolution
		HideSolutionNode = FALSE
	EndGlobalSection
EndGlobal
