
Microsoft Visual Studio Solution File, Format Version 12.00
# Visual Studio 2012
Project("{FAE04EC0-301F-11D3-BF4B-00C04F79EFBC}") = "AOPValidationExperiment", "AOPValidationExperiment\AOPValidationExperiment.csproj", "{4D324A15-2C6F-4DC5-B67F-3B4F3DBA24DA}"
EndProject
Global
	GlobalSection(SolutionConfigurationPlatforms) = preSolution
		Debug|Any CPU = Debug|Any CPU
		Release|Any CPU = Release|Any CPU
	EndGlobalSection
	GlobalSection(ProjectConfigurationPlatforms) = postSolution
		{4D324A15-2C6F-4DC5-B67F-3B4F3DBA24DA}.Debug|Any CPU.ActiveCfg = Debug|Any CPU
		{4D324A15-2C6F-4DC5-B67F-3B4F3DBA24DA}.Debug|Any CPU.Build.0 = Debug|Any CPU
		{4D324A15-2C6F-4DC5-B67F-3B4F3DBA24DA}.Release|Any CPU.ActiveCfg = Release|Any CPU
		{4D324A15-2C6F-4DC5-B67F-3B4F3DBA24DA}.Release|Any CPU.Build.0 = Release|Any CPU
	EndGlobalSection
	GlobalSection(SolutionProperties) = preSolution
		HideSolutionNode = FALSE
	EndGlobalSection
EndGlobal
