
Microsoft Visual Studio Solution File, Format Version 12.00
# Visual Studio 2013
VisualStudioVersion = 12.0.31101.0
MinimumVisualStudioVersion = 10.0.40219.1
Project("{FAE04EC0-301F-11D3-BF4B-00C04F79EFBC}") = "NancySelfHost", "NancySelfHost\NancySelfHost.csproj", "{3CBB184B-3E31-4092-ACB6-A294A299F812}"
EndProject
Project("{FAE04EC0-301F-11D3-BF4B-00C04F79EFBC}") = "NancyApp", "NancyApp\NancyApp.csproj", "{312AD2AF-9C16-42BD-B3EE-1DCADEAB77DF}"
EndProject
Project("{FAE04EC0-301F-11D3-BF4B-00C04F79EFBC}") = "NancyAspNetHost", "NancyAspNetHost\NancyAspNetHost.csproj", "{32C1BDF7-001F-4295-9AE2-77D7872C36CF}"
EndProject
Project("{2150E333-8FDC-42A3-9474-1A3956D46DE8}") = ".nuget", ".nuget", "{FCFA4B42-7F0B-4E07-A87A-3B2AA852E33C}"
	ProjectSection(SolutionItems) = preProject
		.nuget\NuGet.Config = .nuget\NuGet.Config
		.nuget\NuGet.exe = .nuget\NuGet.exe
		.nuget\NuGet.targets = .nuget\NuGet.targets
	EndProjectSection
EndProject
Global
	GlobalSection(SolutionConfigurationPlatforms) = preSolution
		Debug|Any CPU = Debug|Any CPU
		Release|Any CPU = Release|Any CPU
	EndGlobalSection
	GlobalSection(ProjectConfigurationPlatforms) = postSolution
		{3CBB184B-3E31-4092-ACB6-A294A299F812}.Debug|Any CPU.ActiveCfg = Debug|Any CPU
		{3CBB184B-3E31-4092-ACB6-A294A299F812}.Debug|Any CPU.Build.0 = Debug|Any CPU
		{3CBB184B-3E31-4092-ACB6-A294A299F812}.Release|Any CPU.ActiveCfg = Release|Any CPU
		{3CBB184B-3E31-4092-ACB6-A294A299F812}.Release|Any CPU.Build.0 = Release|Any CPU
		{312AD2AF-9C16-42BD-B3EE-1DCADEAB77DF}.Debug|Any CPU.ActiveCfg = Debug|Any CPU
		{312AD2AF-9C16-42BD-B3EE-1DCADEAB77DF}.Debug|Any CPU.Build.0 = Debug|Any CPU
		{312AD2AF-9C16-42BD-B3EE-1DCADEAB77DF}.Release|Any CPU.ActiveCfg = Release|Any CPU
		{312AD2AF-9C16-42BD-B3EE-1DCADEAB77DF}.Release|Any CPU.Build.0 = Release|Any CPU
		{32C1BDF7-001F-4295-9AE2-77D7872C36CF}.Debug|Any CPU.ActiveCfg = Debug|Any CPU
		{32C1BDF7-001F-4295-9AE2-77D7872C36CF}.Debug|Any CPU.Build.0 = Debug|Any CPU
		{32C1BDF7-001F-4295-9AE2-77D7872C36CF}.Release|Any CPU.ActiveCfg = Release|Any CPU
		{32C1BDF7-001F-4295-9AE2-77D7872C36CF}.Release|Any CPU.Build.0 = Release|Any CPU
	EndGlobalSection
	GlobalSection(SolutionProperties) = preSolution
		HideSolutionNode = FALSE
	EndGlobalSection
EndGlobal
