
Microsoft Visual Studio Solution File, Format Version 12.00
# Visual Studio 2012
Project("{FAE04EC0-301F-11D3-BF4B-00C04F79EFBC}") = "SharpGlUtil", "SharpGlUtil\SharpGlUtil.csproj", "{277086A4-EE28-47D4-A8D6-7EBFD15BC942}"
EndProject
Project("{FAE04EC0-301F-11D3-BF4B-00C04F79EFBC}") = "OldSchoolQuad", "OldSchoolQuad\OldSchoolQuad.csproj", "{30386C4F-ABC2-465A-93A7-B99D25545E81}"
EndProject
Project("{FAE04EC0-301F-11D3-BF4B-00C04F79EFBC}") = "VertexBufferSimple", "VertexBufferSimple\VertexBufferSimple.csproj", "{AEC6AAAE-8058-4AD2-AA51-B3533F4BED86}"
EndProject
Global
	GlobalSection(SolutionConfigurationPlatforms) = preSolution
		Debug|Any CPU = Debug|Any CPU
		Release|Any CPU = Release|Any CPU
	EndGlobalSection
	GlobalSection(ProjectConfigurationPlatforms) = postSolution
		{277086A4-EE28-47D4-A8D6-7EBFD15BC942}.Debug|Any CPU.ActiveCfg = Debug|Any CPU
		{277086A4-EE28-47D4-A8D6-7EBFD15BC942}.Debug|Any CPU.Build.0 = Debug|Any CPU
		{277086A4-EE28-47D4-A8D6-7EBFD15BC942}.Release|Any CPU.ActiveCfg = Release|Any CPU
		{277086A4-EE28-47D4-A8D6-7EBFD15BC942}.Release|Any CPU.Build.0 = Release|Any CPU
		{30386C4F-ABC2-465A-93A7-B99D25545E81}.Debug|Any CPU.ActiveCfg = Debug|Any CPU
		{30386C4F-ABC2-465A-93A7-B99D25545E81}.Debug|Any CPU.Build.0 = Debug|Any CPU
		{30386C4F-ABC2-465A-93A7-B99D25545E81}.Release|Any CPU.ActiveCfg = Release|Any CPU
		{30386C4F-ABC2-465A-93A7-B99D25545E81}.Release|Any CPU.Build.0 = Release|Any CPU
		{AEC6AAAE-8058-4AD2-AA51-B3533F4BED86}.Debug|Any CPU.ActiveCfg = Debug|Any CPU
		{AEC6AAAE-8058-4AD2-AA51-B3533F4BED86}.Debug|Any CPU.Build.0 = Debug|Any CPU
		{AEC6AAAE-8058-4AD2-AA51-B3533F4BED86}.Release|Any CPU.ActiveCfg = Release|Any CPU
		{AEC6AAAE-8058-4AD2-AA51-B3533F4BED86}.Release|Any CPU.Build.0 = Release|Any CPU
	EndGlobalSection
	GlobalSection(SolutionProperties) = preSolution
		HideSolutionNode = FALSE
	EndGlobalSection
EndGlobal
