
Microsoft Visual Studio Solution File, Format Version 12.00
# Visual Studio 2012
Project("{00D1A9C2-B5F0-4AF3-8072-F6C62B433612}") = "MyDatabase", "MyDatabase\MyDatabase.sqlproj", "{C5F543EA-2D14-4350-9104-BF525FBD2692}"
EndProject
Project("{FAE04EC0-301F-11D3-BF4B-00C04F79EFBC}") = "MyTests", "MyTests\MyTests.csproj", "{DAF0735E-F0E2-4CCE-A87D-DEB3EB32D21D}"
EndProject
Global
	GlobalSection(SolutionConfigurationPlatforms) = preSolution
		Debug|Any CPU = Debug|Any CPU
		Release|Any CPU = Release|Any CPU
	EndGlobalSection
	GlobalSection(ProjectConfigurationPlatforms) = postSolution
		{C5F543EA-2D14-4350-9104-BF525FBD2692}.Debug|Any CPU.ActiveCfg = Debug|Any CPU
		{C5F543EA-2D14-4350-9104-BF525FBD2692}.Debug|Any CPU.Build.0 = Debug|Any CPU
		{C5F543EA-2D14-4350-9104-BF525FBD2692}.Debug|Any CPU.Deploy.0 = Debug|Any CPU
		{C5F543EA-2D14-4350-9104-BF525FBD2692}.Release|Any CPU.ActiveCfg = Release|Any CPU
		{C5F543EA-2D14-4350-9104-BF525FBD2692}.Release|Any CPU.Build.0 = Release|Any CPU
		{C5F543EA-2D14-4350-9104-BF525FBD2692}.Release|Any CPU.Deploy.0 = Release|Any CPU
		{DAF0735E-F0E2-4CCE-A87D-DEB3EB32D21D}.Debug|Any CPU.ActiveCfg = Debug|Any CPU
		{DAF0735E-F0E2-4CCE-A87D-DEB3EB32D21D}.Debug|Any CPU.Build.0 = Debug|Any CPU
		{DAF0735E-F0E2-4CCE-A87D-DEB3EB32D21D}.Release|Any CPU.ActiveCfg = Release|Any CPU
		{DAF0735E-F0E2-4CCE-A87D-DEB3EB32D21D}.Release|Any CPU.Build.0 = Release|Any CPU
	EndGlobalSection
	GlobalSection(SolutionProperties) = preSolution
		HideSolutionNode = FALSE
	EndGlobalSection
EndGlobal
