
Microsoft Visual Studio Solution File, Format Version 12.00
# Visual Studio 2012
Project("{FAE04EC0-301F-11D3-BF4B-00C04F79EFBC}") = "ImpromptuExperiment", "ImpromptuExperiment\ImpromptuExperiment.csproj", "{3775C13A-F300-476A-8C17-FFC4FCA8B720}"
EndProject
Global
	GlobalSection(SolutionConfigurationPlatforms) = preSolution
		Debug|Any CPU = Debug|Any CPU
		Release|Any CPU = Release|Any CPU
	EndGlobalSection
	GlobalSection(ProjectConfigurationPlatforms) = postSolution
		{3775C13A-F300-476A-8C17-FFC4FCA8B720}.Debug|Any CPU.ActiveCfg = Debug|Any CPU
		{3775C13A-F300-476A-8C17-FFC4FCA8B720}.Debug|Any CPU.Build.0 = Debug|Any CPU
		{3775C13A-F300-476A-8C17-FFC4FCA8B720}.Release|Any CPU.ActiveCfg = Release|Any CPU
		{3775C13A-F300-476A-8C17-FFC4FCA8B720}.Release|Any CPU.Build.0 = Release|Any CPU
	EndGlobalSection
	GlobalSection(SolutionProperties) = preSolution
		HideSolutionNode = FALSE
	EndGlobalSection
EndGlobal
