
Microsoft Visual Studio Solution File, Format Version 12.00
# Visual Studio 2012
Project("{FAE04EC0-301F-11D3-BF4B-00C04F79EFBC}") = "AspNetMvcWebApiExperiment", "AspNetMvcWebApiExperiment\AspNetMvcWebApiExperiment.csproj", "{09B38738-CE3C-4C31-BE61-5EBE85EFEB66}"
EndProject
Global
	GlobalSection(SolutionConfigurationPlatforms) = preSolution
		Debug|Any CPU = Debug|Any CPU
		Release|Any CPU = Release|Any CPU
	EndGlobalSection
	GlobalSection(ProjectConfigurationPlatforms) = postSolution
		{09B38738-CE3C-4C31-BE61-5EBE85EFEB66}.Debug|Any CPU.ActiveCfg = Debug|Any CPU
		{09B38738-CE3C-4C31-BE61-5EBE85EFEB66}.Debug|Any CPU.Build.0 = Debug|Any CPU
		{09B38738-CE3C-4C31-BE61-5EBE85EFEB66}.Release|Any CPU.ActiveCfg = Release|Any CPU
		{09B38738-CE3C-4C31-BE61-5EBE85EFEB66}.Release|Any CPU.Build.0 = Release|Any CPU
	EndGlobalSection
	GlobalSection(SolutionProperties) = preSolution
		HideSolutionNode = FALSE
	EndGlobalSection
EndGlobal
