
Microsoft Visual Studio Solution File, Format Version 11.00
# Visual Studio 2010
Project("{FAE04EC0-301F-11D3-BF4B-00C04F79EFBC}") = "EntityFrameworkExperiment", "EntityFrameworkExperiment\EntityFrameworkExperiment.csproj", "{E890A05F-BD13-46AC-B890-2061172D9B60}"
EndProject
Project("{FAE04EC0-301F-11D3-BF4B-00C04F79EFBC}") = "EntityFrameworkTests", "EntityFrameworkTests\EntityFrameworkTests.csproj", "{DF0C7105-6B8A-4EE1-AF9B-28B506EB5E1A}"
EndProject
Global
	GlobalSection(SolutionConfigurationPlatforms) = preSolution
		Debug|Any CPU = Debug|Any CPU
		Debug|Mixed Platforms = Debug|Mixed Platforms
		Debug|x86 = Debug|x86
		Release|Any CPU = Release|Any CPU
		Release|Mixed Platforms = Release|Mixed Platforms
		Release|x86 = Release|x86
	EndGlobalSection
	GlobalSection(ProjectConfigurationPlatforms) = postSolution
		{E890A05F-BD13-46AC-B890-2061172D9B60}.Debug|Any CPU.ActiveCfg = Debug|x86
		{E890A05F-BD13-46AC-B890-2061172D9B60}.Debug|Mixed Platforms.ActiveCfg = Debug|x86
		{E890A05F-BD13-46AC-B890-2061172D9B60}.Debug|Mixed Platforms.Build.0 = Debug|x86
		{E890A05F-BD13-46AC-B890-2061172D9B60}.Debug|x86.ActiveCfg = Debug|x86
		{E890A05F-BD13-46AC-B890-2061172D9B60}.Debug|x86.Build.0 = Debug|x86
		{E890A05F-BD13-46AC-B890-2061172D9B60}.Release|Any CPU.ActiveCfg = Release|x86
		{E890A05F-BD13-46AC-B890-2061172D9B60}.Release|Mixed Platforms.ActiveCfg = Release|x86
		{E890A05F-BD13-46AC-B890-2061172D9B60}.Release|Mixed Platforms.Build.0 = Release|x86
		{E890A05F-BD13-46AC-B890-2061172D9B60}.Release|x86.ActiveCfg = Release|x86
		{E890A05F-BD13-46AC-B890-2061172D9B60}.Release|x86.Build.0 = Release|x86
		{DF0C7105-6B8A-4EE1-AF9B-28B506EB5E1A}.Debug|Any CPU.ActiveCfg = Debug|Any CPU
		{DF0C7105-6B8A-4EE1-AF9B-28B506EB5E1A}.Debug|Any CPU.Build.0 = Debug|Any CPU
		{DF0C7105-6B8A-4EE1-AF9B-28B506EB5E1A}.Debug|Mixed Platforms.ActiveCfg = Debug|Any CPU
		{DF0C7105-6B8A-4EE1-AF9B-28B506EB5E1A}.Debug|Mixed Platforms.Build.0 = Debug|Any CPU
		{DF0C7105-6B8A-4EE1-AF9B-28B506EB5E1A}.Debug|x86.ActiveCfg = Debug|Any CPU
		{DF0C7105-6B8A-4EE1-AF9B-28B506EB5E1A}.Release|Any CPU.ActiveCfg = Release|Any CPU
		{DF0C7105-6B8A-4EE1-AF9B-28B506EB5E1A}.Release|Any CPU.Build.0 = Release|Any CPU
		{DF0C7105-6B8A-4EE1-AF9B-28B506EB5E1A}.Release|Mixed Platforms.ActiveCfg = Release|Any CPU
		{DF0C7105-6B8A-4EE1-AF9B-28B506EB5E1A}.Release|Mixed Platforms.Build.0 = Release|Any CPU
		{DF0C7105-6B8A-4EE1-AF9B-28B506EB5E1A}.Release|x86.ActiveCfg = Release|Any CPU
	EndGlobalSection
	GlobalSection(SolutionProperties) = preSolution
		HideSolutionNode = FALSE
	EndGlobalSection
EndGlobal
