
Microsoft Visual Studio Solution File, Format Version 12.00
# Visual Studio 2012
Project("{FAE04EC0-301F-11D3-BF4B-00C04F79EFBC}") = "FakeOExperiment", "FakeOExperiment\FakeOExperiment.csproj", "{3EEA0634-B5BA-441C-BD0E-1CD910BBB537}"
EndProject
Global
	GlobalSection(SolutionConfigurationPlatforms) = preSolution
		Debug|Any CPU = Debug|Any CPU
		Release|Any CPU = Release|Any CPU
	EndGlobalSection
	GlobalSection(ProjectConfigurationPlatforms) = postSolution
		{3EEA0634-B5BA-441C-BD0E-1CD910BBB537}.Debug|Any CPU.ActiveCfg = Debug|Any CPU
		{3EEA0634-B5BA-441C-BD0E-1CD910BBB537}.Debug|Any CPU.Build.0 = Debug|Any CPU
		{3EEA0634-B5BA-441C-BD0E-1CD910BBB537}.Release|Any CPU.ActiveCfg = Release|Any CPU
		{3EEA0634-B5BA-441C-BD0E-1CD910BBB537}.Release|Any CPU.Build.0 = Release|Any CPU
	EndGlobalSection
	GlobalSection(SolutionProperties) = preSolution
		HideSolutionNode = FALSE
	EndGlobalSection
EndGlobal
